
Microsoft Visual Studio Solution File, Format Version 12.00
# Visual Studio Version 16
VisualStudioVersion = 16.0.30804.86
MinimumVisualStudioVersion = 10.0.40219.1
Project("{FAE04EC0-301F-11D3-BF4B-00C04F79EFBC}") = "Play", "Play\Play.csproj", "{8AE9C524-E41D-43A0-8CF2-7E92C128FCA7}"
EndProject
Global
	GlobalSection(SolutionConfigurationPlatforms) = preSolution
		Debug|Any CPU = Debug|Any CPU
		Release|Any CPU = Release|Any CPU
	EndGlobalSection
	GlobalSection(ProjectConfigurationPlatforms) = postSolution
		{8AE9C524-E41D-43A0-8CF2-7E92C128FCA7}.Debug|Any CPU.ActiveCfg = Debug|Any CPU
		{8AE9C524-E41D-43A0-8CF2-7E92C128FCA7}.Debug|Any CPU.Build.0 = Debug|Any CPU
		{8AE9C524-E41D-43A0-8CF2-7E92C128FCA7}.Release|Any CPU.ActiveCfg = Release|Any CPU
		{8AE9C524-E41D-43A0-8CF2-7E92C128FCA7}.Release|Any CPU.Build.0 = Release|Any CPU
	EndGlobalSection
	GlobalSection(SolutionProperties) = preSolution
		HideSolutionNode = FALSE
	EndGlobalSection
	GlobalSection(ExtensibilityGlobals) = postSolution
		SolutionGuid = {F401A9F9-72C5-484D-ACE5-786F2AC199EE}
	EndGlobalSection
EndGlobal
